// !$*UTF8*$!
{
	archiveVersion = 1;
	classes = {
	};
	objectVersion = 46;
	objects = {

/* Begin PBXBuildFile section */
		B429837919FD76A8006FBF5E /* AppDelegate.swift in Sources */ = {isa = PBXBuildFile; fileRef = B429837819FD76A8006FBF5E /* AppDelegate.swift */; };
		B429837B19FD76A8006FBF5E /* ViewController.swift in Sources */ = {isa = PBXBuildFile; fileRef = B429837A19FD76A8006FBF5E /* ViewController.swift */; };
		B429837E19FD76A8006FBF5E /* Main.storyboard in Resources */ = {isa = PBXBuildFile; fileRef = B429837C19FD76A8006FBF5E /* Main.storyboard */; };
		B429838019FD76A8006FBF5E /* Images.xcassets in Resources */ = {isa = PBXBuildFile; fileRef = B429837F19FD76A8006FBF5E /* Images.xcassets */; };
		B429838319FD76A8006FBF5E /* LaunchScreen.xib in Resources */ = {isa = PBXBuildFile; fileRef = B429838119FD76A8006FBF5E /* LaunchScreen.xib */; };
		B429838F19FD76A8006FBF5E /* FirstChallengeTests.swift in Sources */ = {isa = PBXBuildFile; fileRef = B429838E19FD76A8006FBF5E /* FirstChallengeTests.swift */; };
/* End PBXBuildFile section */

/* Begin PBXContainerItemProxy section */
		B429838919FD76A8006FBF5E /* PBXContainerItemProxy */ = {
			isa = PBXContainerItemProxy;
			containerPortal = B429836B19FD76A8006FBF5E /* Project object */;
			proxyType = 1;
			remoteGlobalIDString = B429837219FD76A8006FBF5E;
			remoteInfo = FirstChallenge;
		};
/* End PBXContainerItemProxy section */

/* Begin PBXFileReference section */
		B429837319FD76A8006FBF5E /* FirstChallenge.app */ = {isa = PBXFileReference; explicitFileType = wrapper.application; includeInIndex = 0; path = FirstChallenge.app; sourceTree = BUILT_PRODUCTS_DIR; };
		B429837719FD76A8006FBF5E /* Info.plist */ = {isa = PBXFileReference; lastKnownFileType = text.plist.xml; path = Info.plist; sourceTree = "<group>"; };
		B429837819FD76A8006FBF5E /* AppDelegate.swift */ = {isa = PBXFileReference; lastKnownFileType = sourcecode.swift; path = AppDelegate.swift; sourceTree = "<group>"; };
		B429837A19FD76A8006FBF5E /* ViewController.swift */ = {isa = PBXFileReference; lastKnownFileType = sourcecode.swift; path = ViewController.swift; sourceTree = "<group>"; };
		B429837D19FD76A8006FBF5E /* Base */ = {isa = PBXFileReference; lastKnownFileType = file.storyboard; name = Base; path = Base.lproj/Main.storyboard; sourceTree = "<group>"; };
		B429837F19FD76A8006FBF5E /* Images.xcassets */ = {isa = PBXFileReference; lastKnownFileType = folder.assetcatalog; path = Images.xcassets; sourceTree = "<group>"; };
		B429838219FD76A8006FBF5E /* Base */ = {isa = PBXFileReference; lastKnownFileType = file.xib; name = Base; path = Base.lproj/LaunchScreen.xib; sourceTree = "<group>"; };
		B429838819FD76A8006FBF5E /* FirstChallengeTests.xctest */ = {isa = PBXFileReference; explicitFileType = wrapper.cfbundle; includeInIndex = 0; path = FirstChallengeTests.xctest; sourceTree = BUILT_PRODUCTS_DIR; };
		B429838D19FD76A8006FBF5E /* Info.plist */ = {isa = PBXFileReference; lastKnownFileType = text.plist.xml; path = Info.plist; sourceTree = "<group>"; };
		B429838E19FD76A8006FBF5E /* FirstChallengeTests.swift */ = {isa = PBXFileReference; lastKnownFileType = sourcecode.swift; path = FirstChallengeTests.swift; sourceTree = "<group>"; };
/* End PBXFileReference section */

/* Begin PBXFrameworksBuildPhase section */
		B429837019FD76A8006FBF5E /* Frameworks */ = {
			isa = PBXFrameworksBuildPhase;
			buildActionMask = 2147483647;
			files = (
			);
			runOnlyForDeploymentPostprocessing = 0;
		};
		B429838519FD76A8006FBF5E /* Frameworks */ = {
			isa = PBXFrameworksBuildPhase;
			buildActionMask = 2147483647;
			files = (
			);
			runOnlyForDeploymentPostprocessing = 0;
		};
/* End PBXFrameworksBuildPhase section */

/* Begin PBXGroup section */
		B429836A19FD76A8006FBF5E = {
			isa = PBXGroup;
			children = (
				B429837519FD76A8006FBF5E /* FirstChallenge */,
				B429838B19FD76A8006FBF5E /* FirstChallengeTests */,
				B429837419FD76A8006FBF5E /* Products */,
			);
			sourceTree = "<group>";
		};
		B429837419FD76A8006FBF5E /* Products */ = {
			isa = PBXGroup;
			children = (
				B429837319FD76A8006FBF5E /* FirstChallenge.app */,
				B429838819FD76A8006FBF5E /* FirstChallengeTests.xctest */,
			);
			name = Products;
			sourceTree = "<group>";
		};
		B429837519FD76A8006FBF5E /* FirstChallenge */ = {
			isa = PBXGroup;
			children = (
				B429837819FD76A8006FBF5E /* AppDelegate.swift */,
				B429837A19FD76A8006FBF5E /* ViewController.swift */,
				B429837C19FD76A8006FBF5E /* Main.storyboard */,
				B429837F19FD76A8006FBF5E /* Images.xcassets */,
				B429838119FD76A8006FBF5E /* LaunchScreen.xib */,
				B429837619FD76A8006FBF5E /* Supporting Files */,
			);
			path = FirstChallenge;
			sourceTree = "<group>";
		};
		B429837619FD76A8006FBF5E /* Supporting Files */ = {
			isa = PBXGroup;
			children = (
				B429837719FD76A8006FBF5E /* Info.plist */,
			);
			name = "Supporting Files";
			sourceTree = "<group>";
		};
		B429838B19FD76A8006FBF5E /* FirstChallengeTests */ = {
			isa = PBXGroup;
			children = (
				B429838E19FD76A8006FBF5E /* FirstChallengeTests.swift */,
				B429838C19FD76A8006FBF5E /* Supporting Files */,
			);
			path = FirstChallengeTests;
			sourceTree = "<group>";
		};
		B429838C19FD76A8006FBF5E /* Supporting Files */ = {
			isa = PBXGroup;
			children = (
				B429838D19FD76A8006FBF5E /* Info.plist */,
			);
			name = "Supporting Files";
			sourceTree = "<group>";
		};
/* End PBXGroup section */

/* Begin PBXNativeTarget section */
		B429837219FD76A8006FBF5E /* FirstChallenge */ = {
			isa = PBXNativeTarget;
			buildConfigurationList = B429839219FD76A8006FBF5E /* Build configuration list for PBXNativeTarget "FirstChallenge" */;
			buildPhases = (
				B429836F19FD76A8006FBF5E /* Sources */,
				B429837019FD76A8006FBF5E /* Frameworks */,
				B429837119FD76A8006FBF5E /* Resources */,
			);
			buildRules = (
			);
			dependencies = (
			);
			name = FirstChallenge;
			productName = FirstChallenge;
			productReference = B429837319FD76A8006FBF5E /* FirstChallenge.app */;
			productType = "com.apple.product-type.application";
		};
		B429838719FD76A8006FBF5E /* FirstChallengeTests */ = {
			isa = PBXNativeTarget;
			buildConfigurationList = B429839519FD76A8006FBF5E /* Build configuration list for PBXNativeTarget "FirstChallengeTests" */;
			buildPhases = (
				B429838419FD76A8006FBF5E /* Sources */,
				B429838519FD76A8006FBF5E /* Frameworks */,
				B429838619FD76A8006FBF5E /* Resources */,
			);
			buildRules = (
			);
			dependencies = (
				B429838A19FD76A8006FBF5E /* PBXTargetDependency */,
			);
			name = FirstChallengeTests;
			productName = FirstChallengeTests;
			productReference = B429838819FD76A8006FBF5E /* FirstChallengeTests.xctest */;
			productType = "com.apple.product-type.bundle.unit-test";
		};
/* End PBXNativeTarget section */

/* Begin PBXProject section */
		B429836B19FD76A8006FBF5E /* Project object */ = {
			isa = PBXProject;
			attributes = {
				LastUpgradeCheck = 0610;
				ORGANIZATIONNAME = "Salva Solé";
				TargetAttributes = {
					B429837219FD76A8006FBF5E = {
						CreatedOnToolsVersion = 6.1;
					};
					B429838719FD76A8006FBF5E = {
						CreatedOnToolsVersion = 6.1;
						TestTargetID = B429837219FD76A8006FBF5E;
					};
				};
			};
			buildConfigurationList = B429836E19FD76A8006FBF5E /* Build configuration list for PBXProject "FirstChallenge" */;
			compatibilityVersion = "Xcode 3.2";
			developmentRegion = English;
			hasScannedForEncodings = 0;
			knownRegions = (
				en,
				Base,
			);
			mainGroup = B429836A19FD76A8006FBF5E;
			productRefGroup = B429837419FD76A8006FBF5E /* Products */;
			projectDirPath = "";
			projectRoot = "";
			targets = (
				B429837219FD76A8006FBF5E /* FirstChallenge */,
				B429838719FD76A8006FBF5E /* FirstChallengeTests */,
			);
		};
/* End PBXProject section */

/* Begin PBXResourcesBuildPhase section */
		B429837119FD76A8006FBF5E /* Resources */ = {
			isa = PBXResourcesBuildPhase;
			buildActionMask = 2147483647;
			files = (
				B429837E19FD76A8006FBF5E /* Main.storyboard in Resources */,
				B429838319FD76A8006FBF5E /* LaunchScreen.xib in Resources */,
				B429838019FD76A8006FBF5E /* Images.xcassets in Resources */,
			);
			runOnlyForDeploymentPostprocessing = 0;
		};
		B429838619FD76A8006FBF5E /* Resources */ = {
			isa = PBXResourcesBuildPhase;
			buildActionMask = 2147483647;
			files = (
			);
			runOnlyForDeploymentPostprocessing = 0;
		};
/* End PBXResourcesBuildPhase section */

/* Begin PBXSourcesBuildPhase section */
		B429836F19FD76A8006FBF5E /* Sources */ = {
			isa = PBXSourcesBuildPhase;
			buildActionMask = 2147483647;
			files = (
				B429837B19FD76A8006FBF5E /* ViewController.swift in Sources */,
				B429837919FD76A8006FBF5E /* AppDelegate.swift in Sources */,
			);
			runOnlyForDeploymentPostprocessing = 0;
		};
		B429838419FD76A8006FBF5E /* Sources */ = {
			isa = PBXSourcesBuildPhase;
			buildActionMask = 2147483647;
			files = (
				B429838F19FD76A8006FBF5E /* FirstChallengeTests.swift in Sources */,
			);
			runOnlyForDeploymentPostprocessing = 0;
		};
/* End PBXSourcesBuildPhase section */

/* Begin PBXTargetDependency section */
		B429838A19FD76A8006FBF5E /* PBXTargetDependency */ = {
			isa = PBXTargetDependency;
			target = B429837219FD76A8006FBF5E /* FirstChallenge */;
			targetProxy = B429838919FD76A8006FBF5E /* PBXContainerItemProxy */;
		};
/* End PBXTargetDependency section */

/* Begin PBXVariantGroup section */
		B429837C19FD76A8006FBF5E /* Main.storyboard */ = {
			isa = PBXVariantGroup;
			children = (
				B429837D19FD76A8006FBF5E /* Base */,
			);
			name = Main.storyboard;
			sourceTree = "<group>";
		};
		B429838119FD76A8006FBF5E /* LaunchScreen.xib */ = {
			isa = PBXVariantGroup;
			children = (
				B429838219FD76A8006FBF5E /* Base */,
			);
			name = LaunchScreen.xib;
			sourceTree = "<group>";
		};
/* End PBXVariantGroup section */

/* Begin XCBuildConfiguration section */
		B429839019FD76A8006FBF5E /* Debug */ = {
			isa = XCBuildConfiguration;
			buildSettings = {
				ALWAYS_SEARCH_USER_PATHS = NO;
				CLANG_CXX_LANGUAGE_STANDARD = "gnu++0x";
				CLANG_CXX_LIBRARY = "libc++";
				CLANG_ENABLE_MODULES = YES;
				CLANG_ENABLE_OBJC_ARC = YES;
				CLANG_WARN_BOOL_CONVERSION = YES;
				CLANG_WARN_CONSTANT_CONVERSION = YES;
				CLANG_WARN_DIRECT_OBJC_ISA_USAGE = YES_ERROR;
				CLANG_WARN_EMPTY_BODY = YES;
				CLANG_WARN_ENUM_CONVERSION = YES;
				CLANG_WARN_INT_CONVERSION = YES;
				CLANG_WARN_OBJC_ROOT_CLASS = YES_ERROR;
				CLANG_WARN_UNREACHABLE_CODE = YES;
				CLANG_WARN__DUPLICATE_METHOD_MATCH = YES;
				"CODE_SIGN_IDENTITY[sdk=iphoneos*]" = "iPhone Developer";
				COPY_PHASE_STRIP = NO;
				ENABLE_STRICT_OBJC_MSGSEND = YES;
				GCC_C_LANGUAGE_STANDARD = gnu99;
				GCC_DYNAMIC_NO_PIC = NO;
				GCC_OPTIMIZATION_LEVEL = 0;
				GCC_PREPROCESSOR_DEFINITIONS = (
					"DEBUG=1",
					"$(inherited)",
				);
				GCC_SYMBOLS_PRIVATE_EXTERN = NO;
				GCC_WARN_64_TO_32_BIT_CONVERSION = YES;
				GCC_WARN_ABOUT_RETURN_TYPE = YES_ERROR;
				GCC_WARN_UNDECLARED_SELECTOR = YES;
				GCC_WARN_UNINITIALIZED_AUTOS = YES_AGGRESSIVE;
				GCC_WARN_UNUSED_FUNCTION = YES;
				GCC_WARN_UNUSED_VARIABLE = YES;
				IPHONEOS_DEPLOYMENT_TARGET = 8.1;
				MTL_ENABLE_DEBUG_INFO = YES;
				ONLY_ACTIVE_ARCH = YES;
				SDKROOT = iphoneos;
				SWIFT_OPTIMIZATION_LEVEL = "-Onone";
				TARGETED_DEVICE_FAMILY = "1,2";
			};
			name = Debug;
		};
		B429839119FD76A8006FBF5E /* Release */ = {
			isa = XCBuildConfiguration;
			buildSettings = {
				ALWAYS_SEARCH_USER_PATHS = NO;
				CLANG_CXX_LANGUAGE_STANDARD = "gnu++0x";
				CLANG_CXX_LIBRARY = "libc++";
				CLANG_ENABLE_MODULES = YES;
				CLANG_ENABLE_OBJC_ARC = YES;
				CLANG_WARN_BOOL_CONVERSION = YES;
				CLANG_WARN_CONSTANT_CONVERSION = YES;
				CLANG_WARN_DIRECT_OBJC_ISA_USAGE = YES_ERROR;
				CLANG_WARN_EMPTY_BODY = YES;
				CLANG_WARN_ENUM_CONVERSION = YES;
				CLANG_WARN_INT_CONVERSION = YES;
				CLANG_WARN_OBJC_ROOT_CLASS = YES_ERROR;
				CLANG_WARN_UNREACHABLE_CODE = YES;
				CLANG_WARN__DUPLICATE_METHOD_MATCH = YES;
				"CODE_SIGN_IDENTITY[sdk=iphoneos*]" = "iPhone Developer";
				COPY_PHASE_STRIP = YES;
				ENABLE_NS_ASSERTIONS = NO;
				ENABLE_STRICT_OBJC_MSGSEND = YES;
				GCC_C_LANGUAGE_STANDARD = gnu99;
				GCC_WARN_64_TO_32_BIT_CONVERSION = YES;
				GCC_WARN_ABOUT_RETURN_TYPE = YES_ERROR;
				GCC_WARN_UNDECLARED_SELECTOR = YES;
				GCC_WARN_UNINITIALIZED_AUTOS = YES_AGGRESSIVE;
				GCC_WARN_UNUSED_FUNCTION = YES;
				GCC_WARN_UNUSED_VARIABLE = YES;
				IPHONEOS_DEPLOYMENT_TARGET = 8.1;
				MTL_ENABLE_DEBUG_INFO = NO;
				SDKROOT = iphoneos;
				TARGETED_DEVICE_FAMILY = "1,2";
				VALIDATE_PRODUCT = YES;
			};
			name = Release;
		};
		B429839319FD76A8006FBF5E /* Debug */ = {
			isa = XCBuildConfiguration;
			buildSettings = {
				ASSETCATALOG_COMPILER_APPICON_NAME = AppIcon;
				INFOPLIST_FILE = FirstChallenge/Info.plist;
				LD_RUNPATH_SEARCH_PATHS = "$(inherited) @executable_path/Frameworks";
				PRODUCT_NAME = "$(TARGET_NAME)";
			};
			name = Debug;
		};
		B429839419FD76A8006FBF5E /* Release */ = {
			isa = XCBuildConfiguration;
			buildSettings = {
				ASSETCATALOG_COMPILER_APPICON_NAME = AppIcon;
				INFOPLIST_FILE = FirstChallenge/Info.plist;
				LD_RUNPATH_SEARCH_PATHS = "$(inherited) @executable_path/Frameworks";
				PRODUCT_NAME = "$(TARGET_NAME)";
			};
			name = Release;
		};
		B429839619FD76A8006FBF5E /* Debug */ = {
			isa = XCBuildConfiguration;
			buildSettings = {
				BUNDLE_LOADER = "$(TEST_HOST)";
				FRAMEWORK_SEARCH_PATHS = (
					"$(SDKROOT)/Developer/Library/Frameworks",
					"$(inherited)",
				);
				GCC_PREPROCESSOR_DEFINITIONS = (
					"DEBUG=1",
					"$(inherited)",
				);
				INFOPLIST_FILE = FirstChallengeTests/Info.plist;
				LD_RUNPATH_SEARCH_PATHS = "$(inherited) @executable_path/Frameworks @loader_path/Frameworks";
				PRODUCT_NAME = "$(TARGET_NAME)";
				TEST_HOST = "$(BUILT_PRODUCTS_DIR)/FirstChallenge.app/FirstChallenge";
			};
			name = Debug;
		};
		B429839719FD76A8006FBF5E /* Release */ = {
			isa = XCBuildConfiguration;
			buildSettings = {
				BUNDLE_LOADER = "$(TEST_HOST)";
				FRAMEWORK_SEARCH_PATHS = (
					"$(SDKROOT)/Developer/Library/Frameworks",
					"$(inherited)",
				);
				INFOPLIST_FILE = FirstChallengeTests/Info.plist;
				LD_RUNPATH_SEARCH_PATHS = "$(inherited) @executable_path/Frameworks @loader_path/Frameworks";
				PRODUCT_NAME = "$(TARGET_NAME)";
				TEST_HOST = "$(BUILT_PRODUCTS_DIR)/FirstChallenge.app/FirstChallenge";
			};
			name = Release;
		};
/* End XCBuildConfiguration section */

/* Begin XCConfigurationList section */
		B429836E19FD76A8006FBF5E /* Build configuration list for PBXProject "FirstChallenge" */ = {
			isa = XCConfigurationList;
			buildConfigurations = (
				B429839019FD76A8006FBF5E /* Debug */,
				B429839119FD76A8006FBF5E /* Release */,
			);
			defaultConfigurationIsVisible = 0;
			defaultConfigurationName = Release;
		};
		B429839219FD76A8006FBF5E /* Build configuration list for PBXNativeTarget "FirstChallenge" */ = {
			isa = XCConfigurationList;
			buildConfigurations = (
				B429839319FD76A8006FBF5E /* Debug */,
				B429839419FD76A8006FBF5E /* Release */,
			);
			defaultConfigurationIsVisible = 0;
		};
		B429839519FD76A8006FBF5E /* Build configuration list for PBXNativeTarget "FirstChallengeTests" */ = {
			isa = XCConfigurationList;
			buildConfigurations = (
				B429839619FD76A8006FBF5E /* Debug */,
				B429839719FD76A8006FBF5E /* Release */,
			);
			defaultConfigurationIsVisible = 0;
		};
/* End XCConfigurationList section */
	};
	rootObject = B429836B19FD76A8006FBF5E /* Project object */;
}
